
Microsoft Visual Studio Solution File, Format Version 12.00
# Visual Studio Version 16
VisualStudioVersion = 16.0.30517.126
MinimumVisualStudioVersion = 10.0.40219.1
Project("{9A19103F-16F7-4668-BE54-9A1E7A4F7556}") = "ImgProcGUI", "ImgProcGUI.csproj", "{F09C9D56-5030-45AB-B4DE-210924974D4D}"
EndProject
Project("{FAE04EC0-301F-11D3-BF4B-00C04F79EFBC}") = "ImgProcGUI.test", "..\ImgProcGUI.test\ImgProcGUI.test.csproj", "{06EEFD11-3F05-49CD-8187-687D4312DAF6}"
EndProject
Global
	GlobalSection(SolutionConfigurationPlatforms) = preSolution
		Debug|Any CPU = Debug|Any CPU
		Release|Any CPU = Release|Any CPU
	EndGlobalSection
	GlobalSection(ProjectConfigurationPlatforms) = postSolution
		{F09C9D56-5030-45AB-B4DE-210924974D4D}.Debug|Any CPU.ActiveCfg = Debug|Any CPU
		{F09C9D56-5030-45AB-B4DE-210924974D4D}.Debug|Any CPU.Build.0 = Debug|Any CPU
		{F09C9D56-5030-45AB-B4DE-210924974D4D}.Release|Any CPU.ActiveCfg = Release|Any CPU
		{F09C9D56-5030-45AB-B4DE-210924974D4D}.Release|Any CPU.Build.0 = Release|Any CPU
		{06EEFD11-3F05-49CD-8187-687D4312DAF6}.Debug|Any CPU.ActiveCfg = Debug|Any CPU
		{06EEFD11-3F05-49CD-8187-687D4312DAF6}.Debug|Any CPU.Build.0 = Debug|Any CPU
		{06EEFD11-3F05-49CD-8187-687D4312DAF6}.Release|Any CPU.ActiveCfg = Release|Any CPU
		{06EEFD11-3F05-49CD-8187-687D4312DAF6}.Release|Any CPU.Build.0 = Release|Any CPU
	EndGlobalSection
	GlobalSection(SolutionProperties) = preSolution
		HideSolutionNode = FALSE
	EndGlobalSection
	GlobalSection(ExtensibilityGlobals) = postSolution
		SolutionGuid = {64861EE3-E19D-47AC-B892-596155C91045}
	EndGlobalSection
EndGlobal
